
Microsoft Visual Studio Solution File, Format Version 12.00
Project("{FAE04EC0-301F-11D3-BF4B-00C04F79EFBC}") = "TwentyGameChallenge", "TwentyGameChallenge\TwentyGameChallenge.csproj", "{572237C6-9291-4F29-B741-7D87D2CCC671}"
EndProject
Global
	GlobalSection(SolutionConfigurationPlatforms) = preSolution
		Debug|Any CPU = Debug|Any CPU
		Release|Any CPU = Release|Any CPU
	EndGlobalSection
	GlobalSection(ProjectConfigurationPlatforms) = postSolution
		{572237C6-9291-4F29-B741-7D87D2CCC671}.Debug|Any CPU.ActiveCfg = Debug|Any CPU
		{572237C6-9291-4F29-B741-7D87D2CCC671}.Debug|Any CPU.Build.0 = Debug|Any CPU
		{572237C6-9291-4F29-B741-7D87D2CCC671}.Release|Any CPU.ActiveCfg = Release|Any CPU
		{572237C6-9291-4F29-B741-7D87D2CCC671}.Release|Any CPU.Build.0 = Release|Any CPU
	EndGlobalSection
EndGlobal
